// !$*UTF8*$!
{
	archiveVersion = 1;
	classes = {
	};
	objectVersion = 46;
	objects = {

/* Begin PBXBuildFile section */
		F508B4611AB8B83800BBD8E9 /* main.m in Sources */ = {isa = PBXBuildFile; fileRef = F508B4601AB8B83800BBD8E9 /* main.m */; };
		F508B4641AB8B83800BBD8E9 /* AppDelegate.m in Sources */ = {isa = PBXBuildFile; fileRef = F508B4631AB8B83800BBD8E9 /* AppDelegate.m */; };
		F508B4671AB8B83800BBD8E9 /* ViewController.m in Sources */ = {isa = PBXBuildFile; fileRef = F508B4661AB8B83800BBD8E9 /* ViewController.m */; };
		F508B46A1AB8B83800BBD8E9 /* Main.storyboard in Resources */ = {isa = PBXBuildFile; fileRef = F508B4681AB8B83800BBD8E9 /* Main.storyboard */; };
		F508B46C1AB8B83800BBD8E9 /* Images.xcassets in Resources */ = {isa = PBXBuildFile; fileRef = F508B46B1AB8B83800BBD8E9 /* Images.xcassets */; };
		F508B46F1AB8B83800BBD8E9 /* LaunchScreen.xib in Resources */ = {isa = PBXBuildFile; fileRef = F508B46D1AB8B83800BBD8E9 /* LaunchScreen.xib */; };
		F508B47B1AB8B83800BBD8E9 /* MovieSampleTests.m in Sources */ = {isa = PBXBuildFile; fileRef = F508B47A1AB8B83800BBD8E9 /* MovieSampleTests.m */; };
/* End PBXBuildFile section */

/* Begin PBXContainerItemProxy section */
		F508B4751AB8B83800BBD8E9 /* PBXContainerItemProxy */ = {
			isa = PBXContainerItemProxy;
			containerPortal = F508B4531AB8B83800BBD8E9 /* Project object */;
			proxyType = 1;
			remoteGlobalIDString = F508B45A1AB8B83800BBD8E9;
			remoteInfo = MovieSample;
		};
/* End PBXContainerItemProxy section */

/* Begin PBXFileReference section */
		F508B45B1AB8B83800BBD8E9 /* MovieSample.app */ = {isa = PBXFileReference; explicitFileType = wrapper.application; includeInIndex = 0; path = MovieSample.app; sourceTree = BUILT_PRODUCTS_DIR; };
		F508B45F1AB8B83800BBD8E9 /* Info.plist */ = {isa = PBXFileReference; lastKnownFileType = text.plist.xml; path = Info.plist; sourceTree = "<group>"; };
		F508B4601AB8B83800BBD8E9 /* main.m */ = {isa = PBXFileReference; lastKnownFileType = sourcecode.c.objc; path = main.m; sourceTree = "<group>"; };
		F508B4621AB8B83800BBD8E9 /* AppDelegate.h */ = {isa = PBXFileReference; lastKnownFileType = sourcecode.c.h; path = AppDelegate.h; sourceTree = "<group>"; };
		F508B4631AB8B83800BBD8E9 /* AppDelegate.m */ = {isa = PBXFileReference; lastKnownFileType = sourcecode.c.objc; path = AppDelegate.m; sourceTree = "<group>"; };
		F508B4651AB8B83800BBD8E9 /* ViewController.h */ = {isa = PBXFileReference; lastKnownFileType = sourcecode.c.h; path = ViewController.h; sourceTree = "<group>"; };
		F508B4661AB8B83800BBD8E9 /* ViewController.m */ = {isa = PBXFileReference; lastKnownFileType = sourcecode.c.objc; path = ViewController.m; sourceTree = "<group>"; };
		F508B4691AB8B83800BBD8E9 /* Base */ = {isa = PBXFileReference; lastKnownFileType = file.storyboard; name = Base; path = Base.lproj/Main.storyboard; sourceTree = "<group>"; };
		F508B46B1AB8B83800BBD8E9 /* Images.xcassets */ = {isa = PBXFileReference; lastKnownFileType = folder.assetcatalog; path = Images.xcassets; sourceTree = "<group>"; };
		F508B46E1AB8B83800BBD8E9 /* Base */ = {isa = PBXFileReference; lastKnownFileType = file.xib; name = Base; path = Base.lproj/LaunchScreen.xib; sourceTree = "<group>"; };
		F508B4741AB8B83800BBD8E9 /* MovieSampleTests.xctest */ = {isa = PBXFileReference; explicitFileType = wrapper.cfbundle; includeInIndex = 0; path = MovieSampleTests.xctest; sourceTree = BUILT_PRODUCTS_DIR; };
		F508B4791AB8B83800BBD8E9 /* Info.plist */ = {isa = PBXFileReference; lastKnownFileType = text.plist.xml; path = Info.plist; sourceTree = "<group>"; };
		F508B47A1AB8B83800BBD8E9 /* MovieSampleTests.m */ = {isa = PBXFileReference; lastKnownFileType = sourcecode.c.objc; path = MovieSampleTests.m; sourceTree = "<group>"; };
/* End PBXFileReference section */

/* Begin PBXFrameworksBuildPhase section */
		F508B4581AB8B83800BBD8E9 /* Frameworks */ = {
			isa = PBXFrameworksBuildPhase;
			buildActionMask = 2147483647;
			files = (
			);
			runOnlyForDeploymentPostprocessing = 0;
		};
		F508B4711AB8B83800BBD8E9 /* Frameworks */ = {
			isa = PBXFrameworksBuildPhase;
			buildActionMask = 2147483647;
			files = (
			);
			runOnlyForDeploymentPostprocessing = 0;
		};
/* End PBXFrameworksBuildPhase section */

/* Begin PBXGroup section */
		F508B4521AB8B83800BBD8E9 = {
			isa = PBXGroup;
			children = (
				F508B45D1AB8B83800BBD8E9 /* MovieSample */,
				F508B4771AB8B83800BBD8E9 /* MovieSampleTests */,
				F508B45C1AB8B83800BBD8E9 /* Products */,
			);
			sourceTree = "<group>";
		};
		F508B45C1AB8B83800BBD8E9 /* Products */ = {
			isa = PBXGroup;
			children = (
				F508B45B1AB8B83800BBD8E9 /* MovieSample.app */,
				F508B4741AB8B83800BBD8E9 /* MovieSampleTests.xctest */,
			);
			name = Products;
			sourceTree = "<group>";
		};
		F508B45D1AB8B83800BBD8E9 /* MovieSample */ = {
			isa = PBXGroup;
			children = (
				F508B4621AB8B83800BBD8E9 /* AppDelegate.h */,
				F508B4631AB8B83800BBD8E9 /* AppDelegate.m */,
				F508B4651AB8B83800BBD8E9 /* ViewController.h */,
				F508B4661AB8B83800BBD8E9 /* ViewController.m */,
				F508B4681AB8B83800BBD8E9 /* Main.storyboard */,
				F508B46B1AB8B83800BBD8E9 /* Images.xcassets */,
				F508B46D1AB8B83800BBD8E9 /* LaunchScreen.xib */,
				F508B45E1AB8B83800BBD8E9 /* Supporting Files */,
			);
			path = MovieSample;
			sourceTree = "<group>";
		};
		F508B45E1AB8B83800BBD8E9 /* Supporting Files */ = {
			isa = PBXGroup;
			children = (
				F508B45F1AB8B83800BBD8E9 /* Info.plist */,
				F508B4601AB8B83800BBD8E9 /* main.m */,
			);
			name = "Supporting Files";
			sourceTree = "<group>";
		};
		F508B4771AB8B83800BBD8E9 /* MovieSampleTests */ = {
			isa = PBXGroup;
			children = (
				F508B47A1AB8B83800BBD8E9 /* MovieSampleTests.m */,
				F508B4781AB8B83800BBD8E9 /* Supporting Files */,
			);
			path = MovieSampleTests;
			sourceTree = "<group>";
		};
		F508B4781AB8B83800BBD8E9 /* Supporting Files */ = {
			isa = PBXGroup;
			children = (
				F508B4791AB8B83800BBD8E9 /* Info.plist */,
			);
			name = "Supporting Files";
			sourceTree = "<group>";
		};
/* End PBXGroup section */

/* Begin PBXNativeTarget section */
		F508B45A1AB8B83800BBD8E9 /* MovieSample */ = {
			isa = PBXNativeTarget;
			buildConfigurationList = F508B47E1AB8B83800BBD8E9 /* Build configuration list for PBXNativeTarget "MovieSample" */;
			buildPhases = (
				F508B4571AB8B83800BBD8E9 /* Sources */,
				F508B4581AB8B83800BBD8E9 /* Frameworks */,
				F508B4591AB8B83800BBD8E9 /* Resources */,
			);
			buildRules = (
			);
			dependencies = (
			);
			name = MovieSample;
			productName = MovieSample;
			productReference = F508B45B1AB8B83800BBD8E9 /* MovieSample.app */;
			productType = "com.apple.product-type.application";
		};
		F508B4731AB8B83800BBD8E9 /* MovieSampleTests */ = {
			isa = PBXNativeTarget;
			buildConfigurationList = F508B4811AB8B83800BBD8E9 /* Build configuration list for PBXNativeTarget "MovieSampleTests" */;
			buildPhases = (
				F508B4701AB8B83800BBD8E9 /* Sources */,
				F508B4711AB8B83800BBD8E9 /* Frameworks */,
				F508B4721AB8B83800BBD8E9 /* Resources */,
			);
			buildRules = (
			);
			dependencies = (
				F508B4761AB8B83800BBD8E9 /* PBXTargetDependency */,
			);
			name = MovieSampleTests;
			productName = MovieSampleTests;
			productReference = F508B4741AB8B83800BBD8E9 /* MovieSampleTests.xctest */;
			productType = "com.apple.product-type.bundle.unit-test";
		};
/* End PBXNativeTarget section */

/* Begin PBXProject section */
		F508B4531AB8B83800BBD8E9 /* Project object */ = {
			isa = PBXProject;
			attributes = {
				LastUpgradeCheck = 0620;
				ORGANIZATIONNAME = "Arslan ";
				TargetAttributes = {
					F508B45A1AB8B83800BBD8E9 = {
						CreatedOnToolsVersion = 6.2;
					};
					F508B4731AB8B83800BBD8E9 = {
						CreatedOnToolsVersion = 6.2;
						TestTargetID = F508B45A1AB8B83800BBD8E9;
					};
				};
			};
			buildConfigurationList = F508B4561AB8B83800BBD8E9 /* Build configuration list for PBXProject "MovieSample" */;
			compatibilityVersion = "Xcode 3.2";
			developmentRegion = English;
			hasScannedForEncodings = 0;
			knownRegions = (
				en,
				Base,
			);
			mainGroup = F508B4521AB8B83800BBD8E9;
			productRefGroup = F508B45C1AB8B83800BBD8E9 /* Products */;
			projectDirPath = "";
			projectRoot = "";
			targets = (
				F508B45A1AB8B83800BBD8E9 /* MovieSample */,
				F508B4731AB8B83800BBD8E9 /* MovieSampleTests */,
			);
		};
/* End PBXProject section */

/* Begin PBXResourcesBuildPhase section */
		F508B4591AB8B83800BBD8E9 /* Resources */ = {
			isa = PBXResourcesBuildPhase;
			buildActionMask = 2147483647;
			files = (
				F508B46A1AB8B83800BBD8E9 /* Main.storyboard in Resources */,
				F508B46F1AB8B83800BBD8E9 /* LaunchScreen.xib in Resources */,
				F508B46C1AB8B83800BBD8E9 /* Images.xcassets in Resources */,
			);
			runOnlyForDeploymentPostprocessing = 0;
		};
		F508B4721AB8B83800BBD8E9 /* Resources */ = {
			isa = PBXResourcesBuildPhase;
			buildActionMask = 2147483647;
			files = (
			);
			runOnlyForDeploymentPostprocessing = 0;
		};
/* End PBXResourcesBuildPhase section */

/* Begin PBXSourcesBuildPhase section */
		F508B4571AB8B83800BBD8E9 /* Sources */ = {
			isa = PBXSourcesBuildPhase;
			buildActionMask = 2147483647;
			files = (
				F508B4671AB8B83800BBD8E9 /* ViewController.m in Sources */,
				F508B4641AB8B83800BBD8E9 /* AppDelegate.m in Sources */,
				F508B4611AB8B83800BBD8E9 /* main.m in Sources */,
			);
			runOnlyForDeploymentPostprocessing = 0;
		};
		F508B4701AB8B83800BBD8E9 /* Sources */ = {
			isa = PBXSourcesBuildPhase;
			buildActionMask = 2147483647;
			files = (
				F508B47B1AB8B83800BBD8E9 /* MovieSampleTests.m in Sources */,
			);
			runOnlyForDeploymentPostprocessing = 0;
		};
/* End PBXSourcesBuildPhase section */

/* Begin PBXTargetDependency section */
		F508B4761AB8B83800BBD8E9 /* PBXTargetDependency */ = {
			isa = PBXTargetDependency;
			target = F508B45A1AB8B83800BBD8E9 /* MovieSample */;
			targetProxy = F508B4751AB8B83800BBD8E9 /* PBXContainerItemProxy */;
		};
/* End PBXTargetDependency section */

/* Begin PBXVariantGroup section */
		F508B4681AB8B83800BBD8E9 /* Main.storyboard */ = {
			isa = PBXVariantGroup;
			children = (
				F508B4691AB8B83800BBD8E9 /* Base */,
			);
			name = Main.storyboard;
			sourceTree = "<group>";
		};
		F508B46D1AB8B83800BBD8E9 /* LaunchScreen.xib */ = {
			isa = PBXVariantGroup;
			children = (
				F508B46E1AB8B83800BBD8E9 /* Base */,
			);
			name = LaunchScreen.xib;
			sourceTree = "<group>";
		};
/* End PBXVariantGroup section */

/* Begin XCBuildConfiguration section */
		F508B47C1AB8B83800BBD8E9 /* Debug */ = {
			isa = XCBuildConfiguration;
			buildSettings = {
				ALWAYS_SEARCH_USER_PATHS = NO;
				CLANG_CXX_LANGUAGE_STANDARD = "gnu++0x";
				CLANG_CXX_LIBRARY = "libc++";
				CLANG_ENABLE_MODULES = YES;
				CLANG_ENABLE_OBJC_ARC = YES;
				CLANG_WARN_BOOL_CONVERSION = YES;
				CLANG_WARN_CONSTANT_CONVERSION = YES;
				CLANG_WARN_DIRECT_OBJC_ISA_USAGE = YES_ERROR;
				CLANG_WARN_EMPTY_BODY = YES;
				CLANG_WARN_ENUM_CONVERSION = YES;
				CLANG_WARN_INT_CONVERSION = YES;
				CLANG_WARN_OBJC_ROOT_CLASS = YES_ERROR;
				CLANG_WARN_UNREACHABLE_CODE = YES;
				CLANG_WARN__DUPLICATE_METHOD_MATCH = YES;
				"CODE_SIGN_IDENTITY[sdk=iphoneos*]" = "iPhone Developer";
				COPY_PHASE_STRIP = NO;
				ENABLE_STRICT_OBJC_MSGSEND = YES;
				GCC_C_LANGUAGE_STANDARD = gnu99;
				GCC_DYNAMIC_NO_PIC = NO;
				GCC_OPTIMIZATION_LEVEL = 0;
				GCC_PREPROCESSOR_DEFINITIONS = (
					"DEBUG=1",
					"$(inherited)",
				);
				GCC_SYMBOLS_PRIVATE_EXTERN = NO;
				GCC_WARN_64_TO_32_BIT_CONVERSION = YES;
				GCC_WARN_ABOUT_RETURN_TYPE = YES_ERROR;
				GCC_WARN_UNDECLARED_SELECTOR = YES;
				GCC_WARN_UNINITIALIZED_AUTOS = YES_AGGRESSIVE;
				GCC_WARN_UNUSED_FUNCTION = YES;
				GCC_WARN_UNUSED_VARIABLE = YES;
				IPHONEOS_DEPLOYMENT_TARGET = 8.2;
				MTL_ENABLE_DEBUG_INFO = YES;
				ONLY_ACTIVE_ARCH = YES;
				SDKROOT = iphoneos;
			};
			name = Debug;
		};
		F508B47D1AB8B83800BBD8E9 /* Release */ = {
			isa = XCBuildConfiguration;
			buildSettings = {
				ALWAYS_SEARCH_USER_PATHS = NO;
				CLANG_CXX_LANGUAGE_STANDARD = "gnu++0x";
				CLANG_CXX_LIBRARY = "libc++";
				CLANG_ENABLE_MODULES = YES;
				CLANG_ENABLE_OBJC_ARC = YES;
				CLANG_WARN_BOOL_CONVERSION = YES;
				CLANG_WARN_CONSTANT_CONVERSION = YES;
				CLANG_WARN_DIRECT_OBJC_ISA_USAGE = YES_ERROR;
				CLANG_WARN_EMPTY_BODY = YES;
				CLANG_WARN_ENUM_CONVERSION = YES;
				CLANG_WARN_INT_CONVERSION = YES;
				CLANG_WARN_OBJC_ROOT_CLASS = YES_ERROR;
				CLANG_WARN_UNREACHABLE_CODE = YES;
				CLANG_WARN__DUPLICATE_METHOD_MATCH = YES;
				"CODE_SIGN_IDENTITY[sdk=iphoneos*]" = "iPhone Developer";
				COPY_PHASE_STRIP = NO;
				ENABLE_NS_ASSERTIONS = NO;
				ENABLE_STRICT_OBJC_MSGSEND = YES;
				GCC_C_LANGUAGE_STANDARD = gnu99;
				GCC_WARN_64_TO_32_BIT_CONVERSION = YES;
				GCC_WARN_ABOUT_RETURN_TYPE = YES_ERROR;
				GCC_WARN_UNDECLARED_SELECTOR = YES;
				GCC_WARN_UNINITIALIZED_AUTOS = YES_AGGRESSIVE;
				GCC_WARN_UNUSED_FUNCTION = YES;
				GCC_WARN_UNUSED_VARIABLE = YES;
				IPHONEOS_DEPLOYMENT_TARGET = 8.2;
				MTL_ENABLE_DEBUG_INFO = NO;
				SDKROOT = iphoneos;
				VALIDATE_PRODUCT = YES;
			};
			name = Release;
		};
		F508B47F1AB8B83800BBD8E9 /* Debug */ = {
			isa = XCBuildConfiguration;
			buildSettings = {
				ASSETCATALOG_COMPILER_APPICON_NAME = AppIcon;
				INFOPLIST_FILE = MovieSample/Info.plist;
				LD_RUNPATH_SEARCH_PATHS = "$(inherited) @executable_path/Frameworks";
				PRODUCT_NAME = "$(TARGET_NAME)";
			};
			name = Debug;
		};
		F508B4801AB8B83800BBD8E9 /* Release */ = {
			isa = XCBuildConfiguration;
			buildSettings = {
				ASSETCATALOG_COMPILER_APPICON_NAME = AppIcon;
				INFOPLIST_FILE = MovieSample/Info.plist;
				LD_RUNPATH_SEARCH_PATHS = "$(inherited) @executable_path/Frameworks";
				PRODUCT_NAME = "$(TARGET_NAME)";
			};
			name = Release;
		};
		F508B4821AB8B83800BBD8E9 /* Debug */ = {
			isa = XCBuildConfiguration;
			buildSettings = {
				BUNDLE_LOADER = "$(TEST_HOST)";
				FRAMEWORK_SEARCH_PATHS = (
					"$(SDKROOT)/Developer/Library/Frameworks",
					"$(inherited)",
				);
				GCC_PREPROCESSOR_DEFINITIONS = (
					"DEBUG=1",
					"$(inherited)",
				);
				INFOPLIST_FILE = MovieSampleTests/Info.plist;
				LD_RUNPATH_SEARCH_PATHS = "$(inherited) @executable_path/Frameworks @loader_path/Frameworks";
				PRODUCT_NAME = "$(TARGET_NAME)";
				TEST_HOST = "$(BUILT_PRODUCTS_DIR)/MovieSample.app/MovieSample";
			};
			name = Debug;
		};
		F508B4831AB8B83800BBD8E9 /* Release */ = {
			isa = XCBuildConfiguration;
			buildSettings = {
				BUNDLE_LOADER = "$(TEST_HOST)";
				FRAMEWORK_SEARCH_PATHS = (
					"$(SDKROOT)/Developer/Library/Frameworks",
					"$(inherited)",
				);
				INFOPLIST_FILE = MovieSampleTests/Info.plist;
				LD_RUNPATH_SEARCH_PATHS = "$(inherited) @executable_path/Frameworks @loader_path/Frameworks";
				PRODUCT_NAME = "$(TARGET_NAME)";
				TEST_HOST = "$(BUILT_PRODUCTS_DIR)/MovieSample.app/MovieSample";
			};
			name = Release;
		};
/* End XCBuildConfiguration section */

/* Begin XCConfigurationList section */
		F508B4561AB8B83800BBD8E9 /* Build configuration list for PBXProject "MovieSample" */ = {
			isa = XCConfigurationList;
			buildConfigurations = (
				F508B47C1AB8B83800BBD8E9 /* Debug */,
				F508B47D1AB8B83800BBD8E9 /* Release */,
			);
			defaultConfigurationIsVisible = 0;
			defaultConfigurationName = Release;
		};
		F508B47E1AB8B83800BBD8E9 /* Build configuration list for PBXNativeTarget "MovieSample" */ = {
			isa = XCConfigurationList;
			buildConfigurations = (
				F508B47F1AB8B83800BBD8E9 /* Debug */,
				F508B4801AB8B83800BBD8E9 /* Release */,
			);
			defaultConfigurationIsVisible = 0;
		};
		F508B4811AB8B83800BBD8E9 /* Build configuration list for PBXNativeTarget "MovieSampleTests" */ = {
			isa = XCConfigurationList;
			buildConfigurations = (
				F508B4821AB8B83800BBD8E9 /* Debug */,
				F508B4831AB8B83800BBD8E9 /* Release */,
			);
			defaultConfigurationIsVisible = 0;
		};
/* End XCConfigurationList section */
	};
	rootObject = F508B4531AB8B83800BBD8E9 /* Project object */;
}
